
Microsoft Visual Studio Solution File, Format Version 12.00
# Visual Studio Version 17
VisualStudioVersion = 17.4.33103.184
MinimumVisualStudioVersion = 10.0.40219.1
Project("{9A19103F-16F7-4668-BE54-9A1E7A4F7556}") = "CSharpSharedData", "CSharpSharedData\CSharpSharedData.csproj", "{6698F076-1C97-45E3-930D-E3DFDC007B3D}"
EndProject
Project("{9A19103F-16F7-4668-BE54-9A1E7A4F7556}") = "BlazorWasmAppTelerik", "BlazorWasmAppTelerik\BlazorWasmAppTelerik.csproj", "{ED5C4A65-229C-4ECD-9A3C-9580F4A86799}"
EndProject
Project("{FAE04EC0-301F-11D3-BF4B-00C04F79EFBC}") = "BlazorServerAppTelerik", "BlazorServerAppTelerik\BlazorServerAppTelerik.csproj", "{6E835C91-F7E7-4589-AB07-9BA3A6626206}"
EndProject
Project("{FAE04EC0-301F-11D3-BF4B-00C04F79EFBC}") = "BlazorWasmAppSyncFusion", "BlazorWasmAppSyncFusion\BlazorWasmAppSyncFusion.csproj", "{CD7B312C-8774-4C19-AB5F-74C8B6495B8F}"
EndProject
Project("{FAE04EC0-301F-11D3-BF4B-00C04F79EFBC}") = "BlazorServerAppSyncfusion", "BlazorServerAppSyncfusion\BlazorServerAppSyncfusion.csproj", "{171FD3F5-76CB-4C8B-ABE6-FB0C1CB3D460}"
EndProject
Global
	GlobalSection(SolutionConfigurationPlatforms) = preSolution
		Debug|Any CPU = Debug|Any CPU
		Release|Any CPU = Release|Any CPU
	EndGlobalSection
	GlobalSection(ProjectConfigurationPlatforms) = postSolution
		{6698F076-1C97-45E3-930D-E3DFDC007B3D}.Debug|Any CPU.ActiveCfg = Debug|Any CPU
		{6698F076-1C97-45E3-930D-E3DFDC007B3D}.Debug|Any CPU.Build.0 = Debug|Any CPU
		{6698F076-1C97-45E3-930D-E3DFDC007B3D}.Release|Any CPU.ActiveCfg = Release|Any CPU
		{6698F076-1C97-45E3-930D-E3DFDC007B3D}.Release|Any CPU.Build.0 = Release|Any CPU
		{ED5C4A65-229C-4ECD-9A3C-9580F4A86799}.Debug|Any CPU.ActiveCfg = Debug|Any CPU
		{ED5C4A65-229C-4ECD-9A3C-9580F4A86799}.Debug|Any CPU.Build.0 = Debug|Any CPU
		{ED5C4A65-229C-4ECD-9A3C-9580F4A86799}.Release|Any CPU.ActiveCfg = Release|Any CPU
		{ED5C4A65-229C-4ECD-9A3C-9580F4A86799}.Release|Any CPU.Build.0 = Release|Any CPU
		{6E835C91-F7E7-4589-AB07-9BA3A6626206}.Debug|Any CPU.ActiveCfg = Debug|Any CPU
		{6E835C91-F7E7-4589-AB07-9BA3A6626206}.Debug|Any CPU.Build.0 = Debug|Any CPU
		{6E835C91-F7E7-4589-AB07-9BA3A6626206}.Release|Any CPU.ActiveCfg = Release|Any CPU
		{6E835C91-F7E7-4589-AB07-9BA3A6626206}.Release|Any CPU.Build.0 = Release|Any CPU
		{CD7B312C-8774-4C19-AB5F-74C8B6495B8F}.Debug|Any CPU.ActiveCfg = Debug|Any CPU
		{CD7B312C-8774-4C19-AB5F-74C8B6495B8F}.Debug|Any CPU.Build.0 = Debug|Any CPU
		{CD7B312C-8774-4C19-AB5F-74C8B6495B8F}.Release|Any CPU.ActiveCfg = Release|Any CPU
		{CD7B312C-8774-4C19-AB5F-74C8B6495B8F}.Release|Any CPU.Build.0 = Release|Any CPU
		{171FD3F5-76CB-4C8B-ABE6-FB0C1CB3D460}.Debug|Any CPU.ActiveCfg = Debug|Any CPU
		{171FD3F5-76CB-4C8B-ABE6-FB0C1CB3D460}.Debug|Any CPU.Build.0 = Debug|Any CPU
		{171FD3F5-76CB-4C8B-ABE6-FB0C1CB3D460}.Release|Any CPU.ActiveCfg = Release|Any CPU
		{171FD3F5-76CB-4C8B-ABE6-FB0C1CB3D460}.Release|Any CPU.Build.0 = Release|Any CPU
	EndGlobalSection
	GlobalSection(SolutionProperties) = preSolution
		HideSolutionNode = FALSE
	EndGlobalSection
	GlobalSection(ExtensibilityGlobals) = postSolution
		SolutionGuid = {C0CAD1E1-AC03-4176-BEA2-E83E93334900}
	EndGlobalSection
EndGlobal
